
Microsoft Visual Studio Solution File, Format Version 12.00
# Visual Studio 15
VisualStudioVersion = 15.0.28307.329
MinimumVisualStudioVersion = 10.0.40219.1
Project("{FAE04EC0-301F-11D3-BF4B-00C04F79EFBC}") = "Blogpost", "Blogpost\Blogpost.csproj", "{62858843-D8D4-4074-8457-7C4350D34D57}"
EndProject
Global
	GlobalSection(SolutionConfigurationPlatforms) = preSolution
		Debug|Any CPU = Debug|Any CPU
		Release|Any CPU = Release|Any CPU
	EndGlobalSection
	GlobalSection(ProjectConfigurationPlatforms) = postSolution
		{62858843-D8D4-4074-8457-7C4350D34D57}.Debug|Any CPU.ActiveCfg = Debug|Any CPU
		{62858843-D8D4-4074-8457-7C4350D34D57}.Debug|Any CPU.Build.0 = Debug|Any CPU
		{62858843-D8D4-4074-8457-7C4350D34D57}.Release|Any CPU.ActiveCfg = Release|Any CPU
		{62858843-D8D4-4074-8457-7C4350D34D57}.Release|Any CPU.Build.0 = Release|Any CPU
	EndGlobalSection
	GlobalSection(SolutionProperties) = preSolution
		HideSolutionNode = FALSE
	EndGlobalSection
	GlobalSection(ExtensibilityGlobals) = postSolution
		SolutionGuid = {CF039ED1-4FE0-41DC-ACD6-7DBBAA242545}
	EndGlobalSection
EndGlobal
